
Microsoft Visual Studio Solution File, Format Version 12.00
# Visual Studio Version 16
VisualStudioVersion = 16.0.34114.132
MinimumVisualStudioVersion = 10.0.40219.1
Project("{FAE04EC0-301F-11D3-BF4B-00C04F79EFBC}") = "BanGiay", "BanGiay\BanGiay.csproj", "{03EA0056-9FD7-4416-9DA2-77195328B6E4}"
EndProject
Global
	GlobalSection(SolutionConfigurationPlatforms) = preSolution
		Debug|Any CPU = Debug|Any CPU
		Release|Any CPU = Release|Any CPU
	EndGlobalSection
	GlobalSection(ProjectConfigurationPlatforms) = postSolution
		{03EA0056-9FD7-4416-9DA2-77195328B6E4}.Debug|Any CPU.ActiveCfg = Debug|Any CPU
		{03EA0056-9FD7-4416-9DA2-77195328B6E4}.Debug|Any CPU.Build.0 = Debug|Any CPU
		{03EA0056-9FD7-4416-9DA2-77195328B6E4}.Release|Any CPU.ActiveCfg = Release|Any CPU
		{03EA0056-9FD7-4416-9DA2-77195328B6E4}.Release|Any CPU.Build.0 = Release|Any CPU
	EndGlobalSection
	GlobalSection(SolutionProperties) = preSolution
		HideSolutionNode = FALSE
	EndGlobalSection
	GlobalSection(ExtensibilityGlobals) = postSolution
		SolutionGuid = {96E4C1F0-57CD-4EA9-9560-F305D41B5AC3}
	EndGlobalSection
EndGlobal
